// !$*UTF8*$!
{
	archiveVersion = 1;
	classes = {
	};
	objectVersion = 46;
	objects = {

/* Begin PBXBuildFile section */
		A1BE17521A3391CF009BAB21 /* AppDelegate.swift in Sources */ = {isa = PBXBuildFile; fileRef = A1BE17511A3391CF009BAB21 /* AppDelegate.swift */; };
		A1BE17571A3391CF009BAB21 /* Main.storyboard in Resources */ = {isa = PBXBuildFile; fileRef = A1BE17551A3391CF009BAB21 /* Main.storyboard */; };
		A1BE17591A3391CF009BAB21 /* Images.xcassets in Resources */ = {isa = PBXBuildFile; fileRef = A1BE17581A3391CF009BAB21 /* Images.xcassets */; };
		A1BE175C1A3391CF009BAB21 /* LaunchScreen.xib in Resources */ = {isa = PBXBuildFile; fileRef = A1BE175A1A3391CF009BAB21 /* LaunchScreen.xib */; };
		A1BE17681A3391D0009BAB21 /* LoginProjectTests.swift in Sources */ = {isa = PBXBuildFile; fileRef = A1BE17671A3391D0009BAB21 /* LoginProjectTests.swift */; };
		A1BE17721A339239009BAB21 /* LoginViewController.swift in Sources */ = {isa = PBXBuildFile; fileRef = A1BE17711A339239009BAB21 /* LoginViewController.swift */; };
		A1BE17741A339258009BAB21 /* CreateAccountViewController.swift in Sources */ = {isa = PBXBuildFile; fileRef = A1BE17731A339258009BAB21 /* CreateAccountViewController.swift */; };
		A1BE17781A339303009BAB21 /* MainViewController.swift in Sources */ = {isa = PBXBuildFile; fileRef = A1BE17771A339303009BAB21 /* MainViewController.swift */; };
/* End PBXBuildFile section */

/* Begin PBXContainerItemProxy section */
		A1BE17621A3391D0009BAB21 /* PBXContainerItemProxy */ = {
			isa = PBXContainerItemProxy;
			containerPortal = A1BE17441A3391CF009BAB21 /* Project object */;
			proxyType = 1;
			remoteGlobalIDString = A1BE174B1A3391CF009BAB21;
			remoteInfo = LoginProject;
		};
/* End PBXContainerItemProxy section */

/* Begin PBXFileReference section */
		A1BE174C1A3391CF009BAB21 /* LoginProject.app */ = {isa = PBXFileReference; explicitFileType = wrapper.application; includeInIndex = 0; path = LoginProject.app; sourceTree = BUILT_PRODUCTS_DIR; };
		A1BE17501A3391CF009BAB21 /* Info.plist */ = {isa = PBXFileReference; lastKnownFileType = text.plist.xml; path = Info.plist; sourceTree = "<group>"; };
		A1BE17511A3391CF009BAB21 /* AppDelegate.swift */ = {isa = PBXFileReference; lastKnownFileType = sourcecode.swift; path = AppDelegate.swift; sourceTree = "<group>"; };
		A1BE17561A3391CF009BAB21 /* Base */ = {isa = PBXFileReference; lastKnownFileType = file.storyboard; name = Base; path = Base.lproj/Main.storyboard; sourceTree = "<group>"; };
		A1BE17581A3391CF009BAB21 /* Images.xcassets */ = {isa = PBXFileReference; lastKnownFileType = folder.assetcatalog; path = Images.xcassets; sourceTree = "<group>"; };
		A1BE175B1A3391CF009BAB21 /* Base */ = {isa = PBXFileReference; lastKnownFileType = file.xib; name = Base; path = Base.lproj/LaunchScreen.xib; sourceTree = "<group>"; };
		A1BE17611A3391D0009BAB21 /* LoginProjectTests.xctest */ = {isa = PBXFileReference; explicitFileType = wrapper.cfbundle; includeInIndex = 0; path = LoginProjectTests.xctest; sourceTree = BUILT_PRODUCTS_DIR; };
		A1BE17661A3391D0009BAB21 /* Info.plist */ = {isa = PBXFileReference; lastKnownFileType = text.plist.xml; path = Info.plist; sourceTree = "<group>"; };
		A1BE17671A3391D0009BAB21 /* LoginProjectTests.swift */ = {isa = PBXFileReference; lastKnownFileType = sourcecode.swift; path = LoginProjectTests.swift; sourceTree = "<group>"; };
		A1BE17711A339239009BAB21 /* LoginViewController.swift */ = {isa = PBXFileReference; fileEncoding = 4; lastKnownFileType = sourcecode.swift; name = LoginViewController.swift; path = ../LoginViewController.swift; sourceTree = "<group>"; };
		A1BE17731A339258009BAB21 /* CreateAccountViewController.swift */ = {isa = PBXFileReference; fileEncoding = 4; lastKnownFileType = sourcecode.swift; name = CreateAccountViewController.swift; path = ../CreateAccountViewController.swift; sourceTree = "<group>"; };
		A1BE17771A339303009BAB21 /* MainViewController.swift */ = {isa = PBXFileReference; fileEncoding = 4; lastKnownFileType = sourcecode.swift; name = MainViewController.swift; path = ../MainViewController.swift; sourceTree = "<group>"; };
/* End PBXFileReference section */

/* Begin PBXFrameworksBuildPhase section */
		A1BE17491A3391CF009BAB21 /* Frameworks */ = {
			isa = PBXFrameworksBuildPhase;
			buildActionMask = 2147483647;
			files = (
			);
			runOnlyForDeploymentPostprocessing = 0;
		};
		A1BE175E1A3391D0009BAB21 /* Frameworks */ = {
			isa = PBXFrameworksBuildPhase;
			buildActionMask = 2147483647;
			files = (
			);
			runOnlyForDeploymentPostprocessing = 0;
		};
/* End PBXFrameworksBuildPhase section */

/* Begin PBXGroup section */
		A1BE17431A3391CF009BAB21 = {
			isa = PBXGroup;
			children = (
				A1BE174E1A3391CF009BAB21 /* LoginProject */,
				A1BE17641A3391D0009BAB21 /* LoginProjectTests */,
				A1BE174D1A3391CF009BAB21 /* Products */,
			);
			sourceTree = "<group>";
		};
		A1BE174D1A3391CF009BAB21 /* Products */ = {
			isa = PBXGroup;
			children = (
				A1BE174C1A3391CF009BAB21 /* LoginProject.app */,
				A1BE17611A3391D0009BAB21 /* LoginProjectTests.xctest */,
			);
			name = Products;
			sourceTree = "<group>";
		};
		A1BE174E1A3391CF009BAB21 /* LoginProject */ = {
			isa = PBXGroup;
			children = (
				A1BE17511A3391CF009BAB21 /* AppDelegate.swift */,
				A1BE17711A339239009BAB21 /* LoginViewController.swift */,
				A1BE17731A339258009BAB21 /* CreateAccountViewController.swift */,
				A1BE17771A339303009BAB21 /* MainViewController.swift */,
				A1BE17551A3391CF009BAB21 /* Main.storyboard */,
				A1BE17581A3391CF009BAB21 /* Images.xcassets */,
				A1BE175A1A3391CF009BAB21 /* LaunchScreen.xib */,
				A1BE174F1A3391CF009BAB21 /* Supporting Files */,
			);
			path = LoginProject;
			sourceTree = "<group>";
		};
		A1BE174F1A3391CF009BAB21 /* Supporting Files */ = {
			isa = PBXGroup;
			children = (
				A1BE17501A3391CF009BAB21 /* Info.plist */,
			);
			name = "Supporting Files";
			sourceTree = "<group>";
		};
		A1BE17641A3391D0009BAB21 /* LoginProjectTests */ = {
			isa = PBXGroup;
			children = (
				A1BE17671A3391D0009BAB21 /* LoginProjectTests.swift */,
				A1BE17651A3391D0009BAB21 /* Supporting Files */,
			);
			path = LoginProjectTests;
			sourceTree = "<group>";
		};
		A1BE17651A3391D0009BAB21 /* Supporting Files */ = {
			isa = PBXGroup;
			children = (
				A1BE17661A3391D0009BAB21 /* Info.plist */,
			);
			name = "Supporting Files";
			sourceTree = "<group>";
		};
/* End PBXGroup section */

/* Begin PBXNativeTarget section */
		A1BE174B1A3391CF009BAB21 /* LoginProject */ = {
			isa = PBXNativeTarget;
			buildConfigurationList = A1BE176B1A3391D0009BAB21 /* Build configuration list for PBXNativeTarget "LoginProject" */;
			buildPhases = (
				A1BE17481A3391CF009BAB21 /* Sources */,
				A1BE17491A3391CF009BAB21 /* Frameworks */,
				A1BE174A1A3391CF009BAB21 /* Resources */,
			);
			buildRules = (
			);
			dependencies = (
			);
			name = LoginProject;
			productName = LoginProject;
			productReference = A1BE174C1A3391CF009BAB21 /* LoginProject.app */;
			productType = "com.apple.product-type.application";
		};
		A1BE17601A3391D0009BAB21 /* LoginProjectTests */ = {
			isa = PBXNativeTarget;
			buildConfigurationList = A1BE176E1A3391D0009BAB21 /* Build configuration list for PBXNativeTarget "LoginProjectTests" */;
			buildPhases = (
				A1BE175D1A3391D0009BAB21 /* Sources */,
				A1BE175E1A3391D0009BAB21 /* Frameworks */,
				A1BE175F1A3391D0009BAB21 /* Resources */,
			);
			buildRules = (
			);
			dependencies = (
				A1BE17631A3391D0009BAB21 /* PBXTargetDependency */,
			);
			name = LoginProjectTests;
			productName = LoginProjectTests;
			productReference = A1BE17611A3391D0009BAB21 /* LoginProjectTests.xctest */;
			productType = "com.apple.product-type.bundle.unit-test";
		};
/* End PBXNativeTarget section */

/* Begin PBXProject section */
		A1BE17441A3391CF009BAB21 /* Project object */ = {
			isa = PBXProject;
			attributes = {
				LastUpgradeCheck = 0610;
				ORGANIZATIONNAME = Boris;
				TargetAttributes = {
					A1BE174B1A3391CF009BAB21 = {
						CreatedOnToolsVersion = 6.1.1;
					};
					A1BE17601A3391D0009BAB21 = {
						CreatedOnToolsVersion = 6.1.1;
						TestTargetID = A1BE174B1A3391CF009BAB21;
					};
				};
			};
			buildConfigurationList = A1BE17471A3391CF009BAB21 /* Build configuration list for PBXProject "LoginProject" */;
			compatibilityVersion = "Xcode 3.2";
			developmentRegion = English;
			hasScannedForEncodings = 0;
			knownRegions = (
				en,
				Base,
			);
			mainGroup = A1BE17431A3391CF009BAB21;
			productRefGroup = A1BE174D1A3391CF009BAB21 /* Products */;
			projectDirPath = "";
			projectRoot = "";
			targets = (
				A1BE174B1A3391CF009BAB21 /* LoginProject */,
				A1BE17601A3391D0009BAB21 /* LoginProjectTests */,
			);
		};
/* End PBXProject section */

/* Begin PBXResourcesBuildPhase section */
		A1BE174A1A3391CF009BAB21 /* Resources */ = {
			isa = PBXResourcesBuildPhase;
			buildActionMask = 2147483647;
			files = (
				A1BE17571A3391CF009BAB21 /* Main.storyboard in Resources */,
				A1BE175C1A3391CF009BAB21 /* LaunchScreen.xib in Resources */,
				A1BE17591A3391CF009BAB21 /* Images.xcassets in Resources */,
			);
			runOnlyForDeploymentPostprocessing = 0;
		};
		A1BE175F1A3391D0009BAB21 /* Resources */ = {
			isa = PBXResourcesBuildPhase;
			buildActionMask = 2147483647;
			files = (
			);
			runOnlyForDeploymentPostprocessing = 0;
		};
/* End PBXResourcesBuildPhase section */

/* Begin PBXSourcesBuildPhase section */
		A1BE17481A3391CF009BAB21 /* Sources */ = {
			isa = PBXSourcesBuildPhase;
			buildActionMask = 2147483647;
			files = (
				A1BE17741A339258009BAB21 /* CreateAccountViewController.swift in Sources */,
				A1BE17721A339239009BAB21 /* LoginViewController.swift in Sources */,
				A1BE17521A3391CF009BAB21 /* AppDelegate.swift in Sources */,
				A1BE17781A339303009BAB21 /* MainViewController.swift in Sources */,
			);
			runOnlyForDeploymentPostprocessing = 0;
		};
		A1BE175D1A3391D0009BAB21 /* Sources */ = {
			isa = PBXSourcesBuildPhase;
			buildActionMask = 2147483647;
			files = (
				A1BE17681A3391D0009BAB21 /* LoginProjectTests.swift in Sources */,
			);
			runOnlyForDeploymentPostprocessing = 0;
		};
/* End PBXSourcesBuildPhase section */

/* Begin PBXTargetDependency section */
		A1BE17631A3391D0009BAB21 /* PBXTargetDependency */ = {
			isa = PBXTargetDependency;
			target = A1BE174B1A3391CF009BAB21 /* LoginProject */;
			targetProxy = A1BE17621A3391D0009BAB21 /* PBXContainerItemProxy */;
		};
/* End PBXTargetDependency section */

/* Begin PBXVariantGroup section */
		A1BE17551A3391CF009BAB21 /* Main.storyboard */ = {
			isa = PBXVariantGroup;
			children = (
				A1BE17561A3391CF009BAB21 /* Base */,
			);
			name = Main.storyboard;
			sourceTree = "<group>";
		};
		A1BE175A1A3391CF009BAB21 /* LaunchScreen.xib */ = {
			isa = PBXVariantGroup;
			children = (
				A1BE175B1A3391CF009BAB21 /* Base */,
			);
			name = LaunchScreen.xib;
			sourceTree = "<group>";
		};
/* End PBXVariantGroup section */

/* Begin XCBuildConfiguration section */
		A1BE17691A3391D0009BAB21 /* Debug */ = {
			isa = XCBuildConfiguration;
			buildSettings = {
				ALWAYS_SEARCH_USER_PATHS = NO;
				CLANG_CXX_LANGUAGE_STANDARD = "gnu++0x";
				CLANG_CXX_LIBRARY = "libc++";
				CLANG_ENABLE_MODULES = YES;
				CLANG_ENABLE_OBJC_ARC = YES;
				CLANG_WARN_BOOL_CONVERSION = YES;
				CLANG_WARN_CONSTANT_CONVERSION = YES;
				CLANG_WARN_DIRECT_OBJC_ISA_USAGE = YES_ERROR;
				CLANG_WARN_EMPTY_BODY = YES;
				CLANG_WARN_ENUM_CONVERSION = YES;
				CLANG_WARN_INT_CONVERSION = YES;
				CLANG_WARN_OBJC_ROOT_CLASS = YES_ERROR;
				CLANG_WARN_UNREACHABLE_CODE = YES;
				CLANG_WARN__DUPLICATE_METHOD_MATCH = YES;
				"CODE_SIGN_IDENTITY[sdk=iphoneos*]" = "iPhone Developer";
				COPY_PHASE_STRIP = NO;
				ENABLE_STRICT_OBJC_MSGSEND = YES;
				GCC_C_LANGUAGE_STANDARD = gnu99;
				GCC_DYNAMIC_NO_PIC = NO;
				GCC_OPTIMIZATION_LEVEL = 0;
				GCC_PREPROCESSOR_DEFINITIONS = (
					"DEBUG=1",
					"$(inherited)",
				);
				GCC_SYMBOLS_PRIVATE_EXTERN = NO;
				GCC_WARN_64_TO_32_BIT_CONVERSION = YES;
				GCC_WARN_ABOUT_RETURN_TYPE = YES_ERROR;
				GCC_WARN_UNDECLARED_SELECTOR = YES;
				GCC_WARN_UNINITIALIZED_AUTOS = YES_AGGRESSIVE;
				GCC_WARN_UNUSED_FUNCTION = YES;
				GCC_WARN_UNUSED_VARIABLE = YES;
				IPHONEOS_DEPLOYMENT_TARGET = 8.1;
				MTL_ENABLE_DEBUG_INFO = YES;
				ONLY_ACTIVE_ARCH = YES;
				SDKROOT = iphoneos;
				SWIFT_OPTIMIZATION_LEVEL = "-Onone";
				TARGETED_DEVICE_FAMILY = "1,2";
			};
			name = Debug;
		};
		A1BE176A1A3391D0009BAB21 /* Release */ = {
			isa = XCBuildConfiguration;
			buildSettings = {
				ALWAYS_SEARCH_USER_PATHS = NO;
				CLANG_CXX_LANGUAGE_STANDARD = "gnu++0x";
				CLANG_CXX_LIBRARY = "libc++";
				CLANG_ENABLE_MODULES = YES;
				CLANG_ENABLE_OBJC_ARC = YES;
				CLANG_WARN_BOOL_CONVERSION = YES;
				CLANG_WARN_CONSTANT_CONVERSION = YES;
				CLANG_WARN_DIRECT_OBJC_ISA_USAGE = YES_ERROR;
				CLANG_WARN_EMPTY_BODY = YES;
				CLANG_WARN_ENUM_CONVERSION = YES;
				CLANG_WARN_INT_CONVERSION = YES;
				CLANG_WARN_OBJC_ROOT_CLASS = YES_ERROR;
				CLANG_WARN_UNREACHABLE_CODE = YES;
				CLANG_WARN__DUPLICATE_METHOD_MATCH = YES;
				"CODE_SIGN_IDENTITY[sdk=iphoneos*]" = "iPhone Developer";
				COPY_PHASE_STRIP = YES;
				ENABLE_NS_ASSERTIONS = NO;
				ENABLE_STRICT_OBJC_MSGSEND = YES;
				GCC_C_LANGUAGE_STANDARD = gnu99;
				GCC_WARN_64_TO_32_BIT_CONVERSION = YES;
				GCC_WARN_ABOUT_RETURN_TYPE = YES_ERROR;
				GCC_WARN_UNDECLARED_SELECTOR = YES;
				GCC_WARN_UNINITIALIZED_AUTOS = YES_AGGRESSIVE;
				GCC_WARN_UNUSED_FUNCTION = YES;
				GCC_WARN_UNUSED_VARIABLE = YES;
				IPHONEOS_DEPLOYMENT_TARGET = 8.1;
				MTL_ENABLE_DEBUG_INFO = NO;
				SDKROOT = iphoneos;
				TARGETED_DEVICE_FAMILY = "1,2";
				VALIDATE_PRODUCT = YES;
			};
			name = Release;
		};
		A1BE176C1A3391D0009BAB21 /* Debug */ = {
			isa = XCBuildConfiguration;
			buildSettings = {
				ASSETCATALOG_COMPILER_APPICON_NAME = AppIcon;
				INFOPLIST_FILE = LoginProject/Info.plist;
				LD_RUNPATH_SEARCH_PATHS = "$(inherited) @executable_path/Frameworks";
				PRODUCT_NAME = "$(TARGET_NAME)";
			};
			name = Debug;
		};
		A1BE176D1A3391D0009BAB21 /* Release */ = {
			isa = XCBuildConfiguration;
			buildSettings = {
				ASSETCATALOG_COMPILER_APPICON_NAME = AppIcon;
				INFOPLIST_FILE = LoginProject/Info.plist;
				LD_RUNPATH_SEARCH_PATHS = "$(inherited) @executable_path/Frameworks";
				PRODUCT_NAME = "$(TARGET_NAME)";
			};
			name = Release;
		};
		A1BE176F1A3391D0009BAB21 /* Debug */ = {
			isa = XCBuildConfiguration;
			buildSettings = {
				BUNDLE_LOADER = "$(TEST_HOST)";
				FRAMEWORK_SEARCH_PATHS = (
					"$(SDKROOT)/Developer/Library/Frameworks",
					"$(inherited)",
				);
				GCC_PREPROCESSOR_DEFINITIONS = (
					"DEBUG=1",
					"$(inherited)",
				);
				INFOPLIST_FILE = LoginProjectTests/Info.plist;
				LD_RUNPATH_SEARCH_PATHS = "$(inherited) @executable_path/Frameworks @loader_path/Frameworks";
				PRODUCT_NAME = "$(TARGET_NAME)";
				TEST_HOST = "$(BUILT_PRODUCTS_DIR)/LoginProject.app/LoginProject";
			};
			name = Debug;
		};
		A1BE17701A3391D0009BAB21 /* Release */ = {
			isa = XCBuildConfiguration;
			buildSettings = {
				BUNDLE_LOADER = "$(TEST_HOST)";
				FRAMEWORK_SEARCH_PATHS = (
					"$(SDKROOT)/Developer/Library/Frameworks",
					"$(inherited)",
				);
				INFOPLIST_FILE = LoginProjectTests/Info.plist;
				LD_RUNPATH_SEARCH_PATHS = "$(inherited) @executable_path/Frameworks @loader_path/Frameworks";
				PRODUCT_NAME = "$(TARGET_NAME)";
				TEST_HOST = "$(BUILT_PRODUCTS_DIR)/LoginProject.app/LoginProject";
			};
			name = Release;
		};
/* End XCBuildConfiguration section */

/* Begin XCConfigurationList section */
		A1BE17471A3391CF009BAB21 /* Build configuration list for PBXProject "LoginProject" */ = {
			isa = XCConfigurationList;
			buildConfigurations = (
				A1BE17691A3391D0009BAB21 /* Debug */,
				A1BE176A1A3391D0009BAB21 /* Release */,
			);
			defaultConfigurationIsVisible = 0;
			defaultConfigurationName = Release;
		};
		A1BE176B1A3391D0009BAB21 /* Build configuration list for PBXNativeTarget "LoginProject" */ = {
			isa = XCConfigurationList;
			buildConfigurations = (
				A1BE176C1A3391D0009BAB21 /* Debug */,
				A1BE176D1A3391D0009BAB21 /* Release */,
			);
			defaultConfigurationIsVisible = 0;
		};
		A1BE176E1A3391D0009BAB21 /* Build configuration list for PBXNativeTarget "LoginProjectTests" */ = {
			isa = XCConfigurationList;
			buildConfigurations = (
				A1BE176F1A3391D0009BAB21 /* Debug */,
				A1BE17701A3391D0009BAB21 /* Release */,
			);
			defaultConfigurationIsVisible = 0;
		};
/* End XCConfigurationList section */
	};
	rootObject = A1BE17441A3391CF009BAB21 /* Project object */;
}
